
Microsoft Visual Studio Solution File, Format Version 12.00
# Visual Studio 15
VisualStudioVersion = 15.0.27703.2047
MinimumVisualStudioVersion = 10.0.40219.1
Project("{FAE04EC0-301F-11D3-BF4B-00C04F79EFBC}") = "Ejercicio17", "Ejercicio17\Ejercicio17.csproj", "{A44CAA31-C4DB-4C78-8A7E-1D6D4C562477}"
EndProject
Project("{FAE04EC0-301F-11D3-BF4B-00C04F79EFBC}") = "Ejercicio01", "Ejercicio01\Ejercicio01.csproj", "{FAF96557-E996-4773-870D-E68EB29F00F8}"
EndProject
Project("{FAE04EC0-301F-11D3-BF4B-00C04F79EFBC}") = "Ejercicio02", "Ejercicio02\Ejercicio02.csproj", "{66A1F03C-4835-4AE9-BBDC-098E37B61AD4}"
EndProject
Project("{FAE04EC0-301F-11D3-BF4B-00C04F79EFBC}") = "Ejercicio03", "Ejercicio03\Ejercicio03.csproj", "{8AD6ECE7-E72F-41A5-94AF-F0D789D2D4BA}"
EndProject
Project("{FAE04EC0-301F-11D3-BF4B-00C04F79EFBC}") = "Ejercicio04", "Ejercicio04\Ejercicio04.csproj", "{ACD6D697-E932-40C4-951B-91511011C8A1}"
EndProject
Project("{FAE04EC0-301F-11D3-BF4B-00C04F79EFBC}") = "Ejercicio05", "Ejercicio05\Ejercicio05.csproj", "{B047AE8F-7C8C-4D40-BCD8-FA106131D424}"
EndProject
Project("{FAE04EC0-301F-11D3-BF4B-00C04F79EFBC}") = "Ejercicio06", "Ejercicio06\Ejercicio06.csproj", "{2712ED7B-57F9-4ABB-9C1E-340B5231D96A}"
EndProject
Project("{FAE04EC0-301F-11D3-BF4B-00C04F79EFBC}") = "Ejercicio07", "Ejercicio07\Ejercicio07.csproj", "{BE57A45A-6BF5-4A69-BA7B-4990FE3EA9EA}"
EndProject
Project("{FAE04EC0-301F-11D3-BF4B-00C04F79EFBC}") = "Ejercicio08", "Ejercicio08\Ejercicio08.csproj", "{A43D18FD-D7AD-4209-9C58-B1E64D20645C}"
EndProject
Project("{FAE04EC0-301F-11D3-BF4B-00C04F79EFBC}") = "Ejercicio09", "Ejercicio09\Ejercicio09.csproj", "{D35BE954-8850-409C-A775-765D2F8BA0F7}"
EndProject
Project("{FAE04EC0-301F-11D3-BF4B-00C04F79EFBC}") = "Ejercicio10", "Ejercicio10\Ejercicio10.csproj", "{C6BAFB41-4EEC-4EF9-84DF-2CC31E8CE527}"
EndProject
Project("{FAE04EC0-301F-11D3-BF4B-00C04F79EFBC}") = "Ejercicio11", "Ejercicio11\Ejercicio11.csproj", "{E838FD05-DAE3-4929-B6EF-BB54333E36BE}"
EndProject
Project("{FAE04EC0-301F-11D3-BF4B-00C04F79EFBC}") = "Ejercicio12", "Ejercicio12\Ejercicio12.csproj", "{A614C304-EFC3-4EC5-9284-77085AC855FE}"
EndProject
Project("{FAE04EC0-301F-11D3-BF4B-00C04F79EFBC}") = "Ejercicio13", "Ejercicio13\Ejercicio13.csproj", "{DDD0C337-835E-408F-B8FC-DC426FF95060}"
EndProject
Project("{FAE04EC0-301F-11D3-BF4B-00C04F79EFBC}") = "Ejercicio14", "Ejercicio14\Ejercicio14.csproj", "{BA70BF1A-405A-48B0-90B8-DC1896626AC6}"
EndProject
Project("{FAE04EC0-301F-11D3-BF4B-00C04F79EFBC}") = "Ejercicio15", "Ejercicio15\Ejercicio15.csproj", "{8D5DBD00-55ED-445E-A0C0-7442E3CABAAB}"
EndProject
Project("{FAE04EC0-301F-11D3-BF4B-00C04F79EFBC}") = "Ejercicio16", "Ejercicio16\Ejercicio16.csproj", "{7577B9C3-CE3F-4C2C-A7DC-D30507415D02}"
EndProject
Project("{FAE04EC0-301F-11D3-BF4B-00C04F79EFBC}") = "Ejercicio16Console", "Ejercicio16Console\Ejercicio16Console.csproj", "{DBD6B901-984F-4312-8420-5CFE9A13D46F}"
EndProject
Project("{FAE04EC0-301F-11D3-BF4B-00C04F79EFBC}") = "PruebaGeometria", "PruebaGeometria\PruebaGeometria.csproj", "{DB4EA2AF-9F63-428D-B38A-B62DE7C7E326}"
EndProject
Project("{FAE04EC0-301F-11D3-BF4B-00C04F79EFBC}") = "Ejercicio19", "Ejercicio19\Ejercicio19.csproj", "{9AB00F55-6B41-461F-A027-1DD682C979DE}"
EndProject
Project("{FAE04EC0-301F-11D3-BF4B-00C04F79EFBC}") = "Ejercicio20", "Ejercicio20\Ejercicio20.csproj", "{56309D5E-6370-4704-B3A9-D8CAE3C47CA1}"
EndProject
Project("{FAE04EC0-301F-11D3-BF4B-00C04F79EFBC}") = "Billetes", "Billetes\Billetes.csproj", "{CCF2E3A1-BF56-42C8-9336-D21874B7C5AF}"
EndProject
Project("{FAE04EC0-301F-11D3-BF4B-00C04F79EFBC}") = "Geometria", "Geometria\Geometria.csproj", "{4288248F-2676-45DA-8231-EA173C82847A}"
EndProject
Project("{FAE04EC0-301F-11D3-BF4B-00C04F79EFBC}") = "Grados", "Grados\Grados.csproj", "{DB683545-155A-483B-B94C-75AFBBB36559}"
EndProject
Project("{FAE04EC0-301F-11D3-BF4B-00C04F79EFBC}") = "Ejercicio21", "Ejercicio21\Ejercicio21.csproj", "{CF22CE54-320A-4F0F-8CF1-987FA288E35C}"
EndProject
Project("{FAE04EC0-301F-11D3-BF4B-00C04F79EFBC}") = "Conversor", "Conversor\Conversor.csproj", "{DB697B32-73CE-45B3-8707-7904049BEF82}"
EndProject
Project("{FAE04EC0-301F-11D3-BF4B-00C04F79EFBC}") = "Ejercicio26", "Ejercicio26\Ejercicio26.csproj", "{6CCAD7BD-2976-4B01-B856-D6F2407F348D}"
EndProject
Project("{FAE04EC0-301F-11D3-BF4B-00C04F79EFBC}") = "AtencionAlCliente", "AtencionAlCliente\AtencionAlCliente.csproj", "{3062CA52-5FBB-4533-8B4C-8029596237C6}"
EndProject
Project("{FAE04EC0-301F-11D3-BF4B-00C04F79EFBC}") = "Ejercicio31", "Ejercicio31\Ejercicio31.csproj", "{7F99B378-7750-48FB-8A13-55A95132554D}"
EndProject
Project("{FAE04EC0-301F-11D3-BF4B-00C04F79EFBC}") = "Club", "Club\Club.csproj", "{B1934288-0CCB-4322-B9A3-C47483B5D0B5}"
EndProject
Project("{FAE04EC0-301F-11D3-BF4B-00C04F79EFBC}") = "Ejercicio29", "Ejercicio29\Ejercicio29.csproj", "{F132C670-0EA0-496D-8E6B-8E818BAC578D}"
EndProject
Project("{FAE04EC0-301F-11D3-BF4B-00C04F79EFBC}") = "Biblioteca", "Libro\Biblioteca.csproj", "{6A17E242-C326-49D1-92DC-7BF13CD1CAA4}"
EndProject
Project("{FAE04EC0-301F-11D3-BF4B-00C04F79EFBC}") = "Ejercicio33", "Ejercicio33\Ejercicio33.csproj", "{2F5D6E93-CA2F-41AF-A76E-7DA1D1F57F46}"
EndProject
Global
	GlobalSection(SolutionConfigurationPlatforms) = preSolution
		Debug|Any CPU = Debug|Any CPU
		Release|Any CPU = Release|Any CPU
	EndGlobalSection
	GlobalSection(ProjectConfigurationPlatforms) = postSolution
		{A44CAA31-C4DB-4C78-8A7E-1D6D4C562477}.Debug|Any CPU.ActiveCfg = Debug|Any CPU
		{A44CAA31-C4DB-4C78-8A7E-1D6D4C562477}.Debug|Any CPU.Build.0 = Debug|Any CPU
		{A44CAA31-C4DB-4C78-8A7E-1D6D4C562477}.Release|Any CPU.ActiveCfg = Release|Any CPU
		{A44CAA31-C4DB-4C78-8A7E-1D6D4C562477}.Release|Any CPU.Build.0 = Release|Any CPU
		{FAF96557-E996-4773-870D-E68EB29F00F8}.Debug|Any CPU.ActiveCfg = Debug|Any CPU
		{FAF96557-E996-4773-870D-E68EB29F00F8}.Debug|Any CPU.Build.0 = Debug|Any CPU
		{FAF96557-E996-4773-870D-E68EB29F00F8}.Release|Any CPU.ActiveCfg = Release|Any CPU
		{FAF96557-E996-4773-870D-E68EB29F00F8}.Release|Any CPU.Build.0 = Release|Any CPU
		{66A1F03C-4835-4AE9-BBDC-098E37B61AD4}.Debug|Any CPU.ActiveCfg = Debug|Any CPU
		{66A1F03C-4835-4AE9-BBDC-098E37B61AD4}.Debug|Any CPU.Build.0 = Debug|Any CPU
		{66A1F03C-4835-4AE9-BBDC-098E37B61AD4}.Release|Any CPU.ActiveCfg = Release|Any CPU
		{66A1F03C-4835-4AE9-BBDC-098E37B61AD4}.Release|Any CPU.Build.0 = Release|Any CPU
		{8AD6ECE7-E72F-41A5-94AF-F0D789D2D4BA}.Debug|Any CPU.ActiveCfg = Debug|Any CPU
		{8AD6ECE7-E72F-41A5-94AF-F0D789D2D4BA}.Debug|Any CPU.Build.0 = Debug|Any CPU
		{8AD6ECE7-E72F-41A5-94AF-F0D789D2D4BA}.Release|Any CPU.ActiveCfg = Release|Any CPU
		{8AD6ECE7-E72F-41A5-94AF-F0D789D2D4BA}.Release|Any CPU.Build.0 = Release|Any CPU
		{ACD6D697-E932-40C4-951B-91511011C8A1}.Debug|Any CPU.ActiveCfg = Debug|Any CPU
		{ACD6D697-E932-40C4-951B-91511011C8A1}.Debug|Any CPU.Build.0 = Debug|Any CPU
		{ACD6D697-E932-40C4-951B-91511011C8A1}.Release|Any CPU.ActiveCfg = Release|Any CPU
		{ACD6D697-E932-40C4-951B-91511011C8A1}.Release|Any CPU.Build.0 = Release|Any CPU
		{B047AE8F-7C8C-4D40-BCD8-FA106131D424}.Debug|Any CPU.ActiveCfg = Debug|Any CPU
		{B047AE8F-7C8C-4D40-BCD8-FA106131D424}.Debug|Any CPU.Build.0 = Debug|Any CPU
		{B047AE8F-7C8C-4D40-BCD8-FA106131D424}.Release|Any CPU.ActiveCfg = Release|Any CPU
		{B047AE8F-7C8C-4D40-BCD8-FA106131D424}.Release|Any CPU.Build.0 = Release|Any CPU
		{2712ED7B-57F9-4ABB-9C1E-340B5231D96A}.Debug|Any CPU.ActiveCfg = Debug|Any CPU
		{2712ED7B-57F9-4ABB-9C1E-340B5231D96A}.Debug|Any CPU.Build.0 = Debug|Any CPU
		{2712ED7B-57F9-4ABB-9C1E-340B5231D96A}.Release|Any CPU.ActiveCfg = Release|Any CPU
		{2712ED7B-57F9-4ABB-9C1E-340B5231D96A}.Release|Any CPU.Build.0 = Release|Any CPU
		{BE57A45A-6BF5-4A69-BA7B-4990FE3EA9EA}.Debug|Any CPU.ActiveCfg = Debug|Any CPU
		{BE57A45A-6BF5-4A69-BA7B-4990FE3EA9EA}.Debug|Any CPU.Build.0 = Debug|Any CPU
		{BE57A45A-6BF5-4A69-BA7B-4990FE3EA9EA}.Release|Any CPU.ActiveCfg = Release|Any CPU
		{BE57A45A-6BF5-4A69-BA7B-4990FE3EA9EA}.Release|Any CPU.Build.0 = Release|Any CPU
		{A43D18FD-D7AD-4209-9C58-B1E64D20645C}.Debug|Any CPU.ActiveCfg = Debug|Any CPU
		{A43D18FD-D7AD-4209-9C58-B1E64D20645C}.Debug|Any CPU.Build.0 = Debug|Any CPU
		{A43D18FD-D7AD-4209-9C58-B1E64D20645C}.Release|Any CPU.ActiveCfg = Release|Any CPU
		{A43D18FD-D7AD-4209-9C58-B1E64D20645C}.Release|Any CPU.Build.0 = Release|Any CPU
		{D35BE954-8850-409C-A775-765D2F8BA0F7}.Debug|Any CPU.ActiveCfg = Debug|Any CPU
		{D35BE954-8850-409C-A775-765D2F8BA0F7}.Debug|Any CPU.Build.0 = Debug|Any CPU
		{D35BE954-8850-409C-A775-765D2F8BA0F7}.Release|Any CPU.ActiveCfg = Release|Any CPU
		{D35BE954-8850-409C-A775-765D2F8BA0F7}.Release|Any CPU.Build.0 = Release|Any CPU
		{C6BAFB41-4EEC-4EF9-84DF-2CC31E8CE527}.Debug|Any CPU.ActiveCfg = Debug|Any CPU
		{C6BAFB41-4EEC-4EF9-84DF-2CC31E8CE527}.Debug|Any CPU.Build.0 = Debug|Any CPU
		{C6BAFB41-4EEC-4EF9-84DF-2CC31E8CE527}.Release|Any CPU.ActiveCfg = Release|Any CPU
		{C6BAFB41-4EEC-4EF9-84DF-2CC31E8CE527}.Release|Any CPU.Build.0 = Release|Any CPU
		{E838FD05-DAE3-4929-B6EF-BB54333E36BE}.Debug|Any CPU.ActiveCfg = Debug|Any CPU
		{E838FD05-DAE3-4929-B6EF-BB54333E36BE}.Debug|Any CPU.Build.0 = Debug|Any CPU
		{E838FD05-DAE3-4929-B6EF-BB54333E36BE}.Release|Any CPU.ActiveCfg = Release|Any CPU
		{E838FD05-DAE3-4929-B6EF-BB54333E36BE}.Release|Any CPU.Build.0 = Release|Any CPU
		{A614C304-EFC3-4EC5-9284-77085AC855FE}.Debug|Any CPU.ActiveCfg = Debug|Any CPU
		{A614C304-EFC3-4EC5-9284-77085AC855FE}.Debug|Any CPU.Build.0 = Debug|Any CPU
		{A614C304-EFC3-4EC5-9284-77085AC855FE}.Release|Any CPU.ActiveCfg = Release|Any CPU
		{A614C304-EFC3-4EC5-9284-77085AC855FE}.Release|Any CPU.Build.0 = Release|Any CPU
		{DDD0C337-835E-408F-B8FC-DC426FF95060}.Debug|Any CPU.ActiveCfg = Debug|Any CPU
		{DDD0C337-835E-408F-B8FC-DC426FF95060}.Debug|Any CPU.Build.0 = Debug|Any CPU
		{DDD0C337-835E-408F-B8FC-DC426FF95060}.Release|Any CPU.ActiveCfg = Release|Any CPU
		{DDD0C337-835E-408F-B8FC-DC426FF95060}.Release|Any CPU.Build.0 = Release|Any CPU
		{BA70BF1A-405A-48B0-90B8-DC1896626AC6}.Debug|Any CPU.ActiveCfg = Debug|Any CPU
		{BA70BF1A-405A-48B0-90B8-DC1896626AC6}.Debug|Any CPU.Build.0 = Debug|Any CPU
		{BA70BF1A-405A-48B0-90B8-DC1896626AC6}.Release|Any CPU.ActiveCfg = Release|Any CPU
		{BA70BF1A-405A-48B0-90B8-DC1896626AC6}.Release|Any CPU.Build.0 = Release|Any CPU
		{8D5DBD00-55ED-445E-A0C0-7442E3CABAAB}.Debug|Any CPU.ActiveCfg = Debug|Any CPU
		{8D5DBD00-55ED-445E-A0C0-7442E3CABAAB}.Debug|Any CPU.Build.0 = Debug|Any CPU
		{8D5DBD00-55ED-445E-A0C0-7442E3CABAAB}.Release|Any CPU.ActiveCfg = Release|Any CPU
		{8D5DBD00-55ED-445E-A0C0-7442E3CABAAB}.Release|Any CPU.Build.0 = Release|Any CPU
		{7577B9C3-CE3F-4C2C-A7DC-D30507415D02}.Debug|Any CPU.ActiveCfg = Debug|Any CPU
		{7577B9C3-CE3F-4C2C-A7DC-D30507415D02}.Debug|Any CPU.Build.0 = Debug|Any CPU
		{7577B9C3-CE3F-4C2C-A7DC-D30507415D02}.Release|Any CPU.ActiveCfg = Release|Any CPU
		{7577B9C3-CE3F-4C2C-A7DC-D30507415D02}.Release|Any CPU.Build.0 = Release|Any CPU
		{DBD6B901-984F-4312-8420-5CFE9A13D46F}.Debug|Any CPU.ActiveCfg = Debug|Any CPU
		{DBD6B901-984F-4312-8420-5CFE9A13D46F}.Debug|Any CPU.Build.0 = Debug|Any CPU
		{DBD6B901-984F-4312-8420-5CFE9A13D46F}.Release|Any CPU.ActiveCfg = Release|Any CPU
		{DBD6B901-984F-4312-8420-5CFE9A13D46F}.Release|Any CPU.Build.0 = Release|Any CPU
		{DB4EA2AF-9F63-428D-B38A-B62DE7C7E326}.Debug|Any CPU.ActiveCfg = Debug|Any CPU
		{DB4EA2AF-9F63-428D-B38A-B62DE7C7E326}.Debug|Any CPU.Build.0 = Debug|Any CPU
		{DB4EA2AF-9F63-428D-B38A-B62DE7C7E326}.Release|Any CPU.ActiveCfg = Release|Any CPU
		{DB4EA2AF-9F63-428D-B38A-B62DE7C7E326}.Release|Any CPU.Build.0 = Release|Any CPU
		{9AB00F55-6B41-461F-A027-1DD682C979DE}.Debug|Any CPU.ActiveCfg = Debug|Any CPU
		{9AB00F55-6B41-461F-A027-1DD682C979DE}.Debug|Any CPU.Build.0 = Debug|Any CPU
		{9AB00F55-6B41-461F-A027-1DD682C979DE}.Release|Any CPU.ActiveCfg = Release|Any CPU
		{9AB00F55-6B41-461F-A027-1DD682C979DE}.Release|Any CPU.Build.0 = Release|Any CPU
		{56309D5E-6370-4704-B3A9-D8CAE3C47CA1}.Debug|Any CPU.ActiveCfg = Debug|Any CPU
		{56309D5E-6370-4704-B3A9-D8CAE3C47CA1}.Debug|Any CPU.Build.0 = Debug|Any CPU
		{56309D5E-6370-4704-B3A9-D8CAE3C47CA1}.Release|Any CPU.ActiveCfg = Release|Any CPU
		{56309D5E-6370-4704-B3A9-D8CAE3C47CA1}.Release|Any CPU.Build.0 = Release|Any CPU
		{CCF2E3A1-BF56-42C8-9336-D21874B7C5AF}.Debug|Any CPU.ActiveCfg = Debug|Any CPU
		{CCF2E3A1-BF56-42C8-9336-D21874B7C5AF}.Debug|Any CPU.Build.0 = Debug|Any CPU
		{CCF2E3A1-BF56-42C8-9336-D21874B7C5AF}.Release|Any CPU.ActiveCfg = Release|Any CPU
		{CCF2E3A1-BF56-42C8-9336-D21874B7C5AF}.Release|Any CPU.Build.0 = Release|Any CPU
		{4288248F-2676-45DA-8231-EA173C82847A}.Debug|Any CPU.ActiveCfg = Debug|Any CPU
		{4288248F-2676-45DA-8231-EA173C82847A}.Debug|Any CPU.Build.0 = Debug|Any CPU
		{4288248F-2676-45DA-8231-EA173C82847A}.Release|Any CPU.ActiveCfg = Release|Any CPU
		{4288248F-2676-45DA-8231-EA173C82847A}.Release|Any CPU.Build.0 = Release|Any CPU
		{DB683545-155A-483B-B94C-75AFBBB36559}.Debug|Any CPU.ActiveCfg = Debug|Any CPU
		{DB683545-155A-483B-B94C-75AFBBB36559}.Debug|Any CPU.Build.0 = Debug|Any CPU
		{DB683545-155A-483B-B94C-75AFBBB36559}.Release|Any CPU.ActiveCfg = Release|Any CPU
		{DB683545-155A-483B-B94C-75AFBBB36559}.Release|Any CPU.Build.0 = Release|Any CPU
		{CF22CE54-320A-4F0F-8CF1-987FA288E35C}.Debug|Any CPU.ActiveCfg = Debug|Any CPU
		{CF22CE54-320A-4F0F-8CF1-987FA288E35C}.Debug|Any CPU.Build.0 = Debug|Any CPU
		{CF22CE54-320A-4F0F-8CF1-987FA288E35C}.Release|Any CPU.ActiveCfg = Release|Any CPU
		{CF22CE54-320A-4F0F-8CF1-987FA288E35C}.Release|Any CPU.Build.0 = Release|Any CPU
		{DB697B32-73CE-45B3-8707-7904049BEF82}.Debug|Any CPU.ActiveCfg = Debug|Any CPU
		{DB697B32-73CE-45B3-8707-7904049BEF82}.Debug|Any CPU.Build.0 = Debug|Any CPU
		{DB697B32-73CE-45B3-8707-7904049BEF82}.Release|Any CPU.ActiveCfg = Release|Any CPU
		{DB697B32-73CE-45B3-8707-7904049BEF82}.Release|Any CPU.Build.0 = Release|Any CPU
		{6CCAD7BD-2976-4B01-B856-D6F2407F348D}.Debug|Any CPU.ActiveCfg = Debug|Any CPU
		{6CCAD7BD-2976-4B01-B856-D6F2407F348D}.Debug|Any CPU.Build.0 = Debug|Any CPU
		{6CCAD7BD-2976-4B01-B856-D6F2407F348D}.Release|Any CPU.ActiveCfg = Release|Any CPU
		{6CCAD7BD-2976-4B01-B856-D6F2407F348D}.Release|Any CPU.Build.0 = Release|Any CPU
		{3062CA52-5FBB-4533-8B4C-8029596237C6}.Debug|Any CPU.ActiveCfg = Debug|Any CPU
		{3062CA52-5FBB-4533-8B4C-8029596237C6}.Debug|Any CPU.Build.0 = Debug|Any CPU
		{3062CA52-5FBB-4533-8B4C-8029596237C6}.Release|Any CPU.ActiveCfg = Release|Any CPU
		{3062CA52-5FBB-4533-8B4C-8029596237C6}.Release|Any CPU.Build.0 = Release|Any CPU
		{7F99B378-7750-48FB-8A13-55A95132554D}.Debug|Any CPU.ActiveCfg = Debug|Any CPU
		{7F99B378-7750-48FB-8A13-55A95132554D}.Debug|Any CPU.Build.0 = Debug|Any CPU
		{7F99B378-7750-48FB-8A13-55A95132554D}.Release|Any CPU.ActiveCfg = Release|Any CPU
		{7F99B378-7750-48FB-8A13-55A95132554D}.Release|Any CPU.Build.0 = Release|Any CPU
		{B1934288-0CCB-4322-B9A3-C47483B5D0B5}.Debug|Any CPU.ActiveCfg = Debug|Any CPU
		{B1934288-0CCB-4322-B9A3-C47483B5D0B5}.Debug|Any CPU.Build.0 = Debug|Any CPU
		{B1934288-0CCB-4322-B9A3-C47483B5D0B5}.Release|Any CPU.ActiveCfg = Release|Any CPU
		{B1934288-0CCB-4322-B9A3-C47483B5D0B5}.Release|Any CPU.Build.0 = Release|Any CPU
		{F132C670-0EA0-496D-8E6B-8E818BAC578D}.Debug|Any CPU.ActiveCfg = Debug|Any CPU
		{F132C670-0EA0-496D-8E6B-8E818BAC578D}.Debug|Any CPU.Build.0 = Debug|Any CPU
		{F132C670-0EA0-496D-8E6B-8E818BAC578D}.Release|Any CPU.ActiveCfg = Release|Any CPU
		{F132C670-0EA0-496D-8E6B-8E818BAC578D}.Release|Any CPU.Build.0 = Release|Any CPU
		{6A17E242-C326-49D1-92DC-7BF13CD1CAA4}.Debug|Any CPU.ActiveCfg = Debug|Any CPU
		{6A17E242-C326-49D1-92DC-7BF13CD1CAA4}.Debug|Any CPU.Build.0 = Debug|Any CPU
		{6A17E242-C326-49D1-92DC-7BF13CD1CAA4}.Release|Any CPU.ActiveCfg = Release|Any CPU
		{6A17E242-C326-49D1-92DC-7BF13CD1CAA4}.Release|Any CPU.Build.0 = Release|Any CPU
		{2F5D6E93-CA2F-41AF-A76E-7DA1D1F57F46}.Debug|Any CPU.ActiveCfg = Debug|Any CPU
		{2F5D6E93-CA2F-41AF-A76E-7DA1D1F57F46}.Debug|Any CPU.Build.0 = Debug|Any CPU
		{2F5D6E93-CA2F-41AF-A76E-7DA1D1F57F46}.Release|Any CPU.ActiveCfg = Release|Any CPU
		{2F5D6E93-CA2F-41AF-A76E-7DA1D1F57F46}.Release|Any CPU.Build.0 = Release|Any CPU
	EndGlobalSection
	GlobalSection(SolutionProperties) = preSolution
		HideSolutionNode = FALSE
	EndGlobalSection
	GlobalSection(ExtensibilityGlobals) = postSolution
		SolutionGuid = {BB57B4DB-25D1-450F-BFA5-A24ADBB3EFB5}
	EndGlobalSection
EndGlobal
