
Microsoft Visual Studio Solution File, Format Version 12.00
# Visual Studio 15
VisualStudioVersion = 15.0.27703.2047
MinimumVisualStudioVersion = 10.0.40219.1
Project("{FAE04EC0-301F-11D3-BF4B-00C04F79EFBC}") = "wfThread", "wfThread\wfThread.csproj", "{893116A6-ACDD-4A05-8B08-AF705D09B3F3}"
EndProject
Global
	GlobalSection(SolutionConfigurationPlatforms) = preSolution
		Debug|Any CPU = Debug|Any CPU
		Release|Any CPU = Release|Any CPU
	EndGlobalSection
	GlobalSection(ProjectConfigurationPlatforms) = postSolution
		{893116A6-ACDD-4A05-8B08-AF705D09B3F3}.Debug|Any CPU.ActiveCfg = Debug|Any CPU
		{893116A6-ACDD-4A05-8B08-AF705D09B3F3}.Debug|Any CPU.Build.0 = Debug|Any CPU
		{893116A6-ACDD-4A05-8B08-AF705D09B3F3}.Release|Any CPU.ActiveCfg = Release|Any CPU
		{893116A6-ACDD-4A05-8B08-AF705D09B3F3}.Release|Any CPU.Build.0 = Release|Any CPU
	EndGlobalSection
	GlobalSection(SolutionProperties) = preSolution
		HideSolutionNode = FALSE
	EndGlobalSection
	GlobalSection(ExtensibilityGlobals) = postSolution
		SolutionGuid = {6F2A4C28-6D46-40DD-AD95-F9293CFC7E56}
	EndGlobalSection
EndGlobal
