
Microsoft Visual Studio Solution File, Format Version 12.00
# Visual Studio 15
VisualStudioVersion = 15.0.27703.2047
MinimumVisualStudioVersion = 10.0.40219.1
Project("{FAE04EC0-301F-11D3-BF4B-00C04F79EFBC}") = "wfABMPersona", "wfABMPersona\wfABMPersona.csproj", "{C1751B80-745C-4C8D-848B-0A43F64B7D4D}"
EndProject
Project("{FAE04EC0-301F-11D3-BF4B-00C04F79EFBC}") = "Entidades", "Entidades\Entidades.csproj", "{D65E515C-FF99-4B88-AC85-71AE6E425FB8}"
EndProject
Global
	GlobalSection(SolutionConfigurationPlatforms) = preSolution
		Debug|Any CPU = Debug|Any CPU
		Release|Any CPU = Release|Any CPU
	EndGlobalSection
	GlobalSection(ProjectConfigurationPlatforms) = postSolution
		{C1751B80-745C-4C8D-848B-0A43F64B7D4D}.Debug|Any CPU.ActiveCfg = Debug|Any CPU
		{C1751B80-745C-4C8D-848B-0A43F64B7D4D}.Debug|Any CPU.Build.0 = Debug|Any CPU
		{C1751B80-745C-4C8D-848B-0A43F64B7D4D}.Release|Any CPU.ActiveCfg = Release|Any CPU
		{C1751B80-745C-4C8D-848B-0A43F64B7D4D}.Release|Any CPU.Build.0 = Release|Any CPU
		{D65E515C-FF99-4B88-AC85-71AE6E425FB8}.Debug|Any CPU.ActiveCfg = Debug|Any CPU
		{D65E515C-FF99-4B88-AC85-71AE6E425FB8}.Debug|Any CPU.Build.0 = Debug|Any CPU
		{D65E515C-FF99-4B88-AC85-71AE6E425FB8}.Release|Any CPU.ActiveCfg = Release|Any CPU
		{D65E515C-FF99-4B88-AC85-71AE6E425FB8}.Release|Any CPU.Build.0 = Release|Any CPU
	EndGlobalSection
	GlobalSection(SolutionProperties) = preSolution
		HideSolutionNode = FALSE
	EndGlobalSection
	GlobalSection(ExtensibilityGlobals) = postSolution
		SolutionGuid = {2A17F93A-1B53-4AAE-9EC1-52CBA484086D}
	EndGlobalSection
EndGlobal
